github.com/gorilla/handlers v1.4.0 h1:XulKRWSQK5uChr4pEgSE4Tc/OcmnU9GJuSwdog/tZsA=
github.com/gorilla/handlers v1.4.0/go.mod h1:Qkdc/uu4tH4g6mTK6auzZ766c4CA0Ng8+o/OAirnOIQ=
github.com/gorilla/mux v1.7.2 h1:zoNxOV7WjqXptQOVngLmcSQgXmgk4NMz1HibBchjl/I=
github.com/gorilla/mux v1.7.2/go.mod h1:1lud6UwP+6orDFRuTfBEV8e9/aOM/c4fVVCaMa2zaAs=
github.com/ikawaha/kagome-dict v1.0.3 h1:x9i49EDy3tx7HPgQ9+l0AqTB5rEkKPoSTD6NyIe9nF8=
github.com/ikawaha/kagome-dict v1.0.3/go.mod h1:8Ma5E21J2kyaak6KumYLWGLKxm1kaAkCCWKWnrc5o/o=
github.com/ikawaha/kagome-dict/ipa v1.0.3 h1:jt2toGpRha7PPD5mqKEOabmAssichf1IwJykpstgN0s=
github.com/ikawaha/kagome-dict/ipa v1.0.3/go.mod h1:zpMcAFSLDYEq+UI3GnF3IcZE5a0rKB2J0rrKGY6HYW8=
github.com/ikawaha/kagome-dict/uni v1.1.2/go.mod h1:3rH19G7Fp+BQcRMv9GDwZzbXNkHttfcoOVdv9Pi+zyU=
github.com/ikawaha/kagome/v2 v2.4.6 h1:kF4CrMcmJOOvxi+4Up2Vr5+a5ONS80fXCz8Gf4jqeqw=
github.com/ikawaha/kagome/v2 v2.4.6/go.mod h1:mi7ZmwkJ3HJuQxj4aYXt801oGqjvMwsYy4HSD/e3Vxg=
github.com/patrickmn/go-cache v2.1.0+incompatible h1:HRMgzkcYKYpi3C8ajMPV8OFXaaRUnok+kx1WdO15EQc=
github.com/patrickmn/go-cache v2.1.0+incompatible/go.mod h1:3Qf8kWWT7OJRJbdiICTKqZju1ZixQ/KpMGzzAfe6+WQ=
github.com/shokujinjp/markov-menu v0.0.0-20210605215402-6991ab6b302b h1:K/Rc9tWWzIc6ykfvILuFCz5pJifC051IO+tzA+JF8o4=
github.com/shokujinjp/markov-menu v0.0.0-20210605215402-6991ab6b302b/go.mod h1:7GMfLH/b1+qThsQeNrDxIDOnwJWwH1WbyISZOQyumlc=
github.com/shokujinjp/shokujinjp-sdk-go v0.0.0-20190601090119-26bc60ba0f77 h1:I53SMkC/4qKMCorzGDJAqrYjiohZPI51dYpPT6Y4so8=
github.com/shokujinjp/shokujinjp-sdk-go v0.0.0-20190601090119-26bc60ba0f77/go.mod h1:fDY/VwimBLnshJx9PvBoJegsrghCVnA5PJcO/LX6RVM=
github.com/shokujinjp/shokujinjp-sdk-go v0.0.0-20210501145338-5dad946331b3 h1:heH+bs018+HjpL6kEaPsCcm1tOAq4lR92RbESTOi2z8=
github.com/shokujinjp/shokujinjp-sdk-go v0.0.0-20210501145338-5dad946331b3/go.mod h1:8Zx4aYn2SVAY4GKYJEkKNSZUMYOnng8nYTo+4CIdODw=
github.com/shokujinjp/shokujinjp-sdk-go v0.0.0-20210501161135-d2dc9d8edf2f h1:06OdPazsocbK4riWFAq0QkSIFuKK7pWzXRtMcBmerdQ=
github.com/shokujinjp/shokujinjp-sdk-go v0.0.0-20210501161135-d2dc9d8edf2f/go.mod h1:8Zx4aYn2SVAY4GKYJEkKNSZUMYOnng8nYTo+4CIdODw=
golang.org/x/text v0.3.6/go.mod h1:5Zoc/QRtKVWzQhOtBMvqHzDpF6irO9z98xDceosuGiQ=
golang.org/x/tools v0.0.0-20180917221912-90fa682c2a6e/go.mod h1:n7NCudcB/nEzxVGmLbDWY5pfWTLqBcC2KZ6jyYvM4mQ=
