github.com/felixge/httpsnoop v1.0.4 h1:NFTV2Zj1bL4mc9sqWACXbQFVBBg2W3GPvqp8/ESS2Wg=
github.com/felixge/httpsnoop v1.0.4/go.mod h1:m8KPJKqk1gH5J9DgRY2ASl2lWCfGKXixSwevea8zH2U=
github.com/gorilla/handlers v1.5.2 h1:cLTUSsNkgcwhgRqvCNmdbRWG0A3N4F+M2nWKdScwyEE=
github.com/gorilla/handlers v1.5.2/go.mod h1:dX+xVpaxdSw+q0Qek8SSsl3dfMk3jNddUkMzo0GtH0w=
github.com/gorilla/mux v1.8.1 h1:TuBL49tXwgrFYWhqrNgrUNEY92u81SPhu7sTdzQEiWY=
github.com/gorilla/mux v1.8.1/go.mod h1:AKf9I4AEqPTmMytcMc0KkNouC66V3BtZ4qD5fmWSiMQ=
github.com/ikawaha/kagome-dict v1.0.3/go.mod h1:8Ma5E21J2kyaak6KumYLWGLKxm1kaAkCCWKWnrc5o/o=
github.com/ikawaha/kagome-dict v1.1.6 h1:bpMDkXEbHsgh/gdqNMpASM5EDd/jpRtzm2AFJTGP6C4=
github.com/ikawaha/kagome-dict v1.1.6/go.mod h1:kVQBTitXg2pqmQUMFqGOw60e14zahWKyEyuZW2n7Yus=
github.com/ikawaha/kagome-dict/ipa v1.0.3/go.mod h1:zpMcAFSLDYEq+UI3GnF3IcZE5a0rKB2J0rrKGY6HYW8=
github.com/ikawaha/kagome-dict/ipa v1.2.5 h1:uX9D/T7xNpx1nleDU6SSbpaYHgiAhRs9IIEkcWu9XLQ=
github.com/ikawaha/kagome-dict/ipa v1.2.5/go.mod h1:mfrhW/dynf56fNLSD4fyC29wQsEffWJj7trEJjSZz5Q=
github.com/ikawaha/kagome-dict/uni v1.1.2/go.mod h1:3rH19G7Fp+BQcRMv9GDwZzbXNkHttfcoOVdv9Pi+zyU=
github.com/ikawaha/kagome/v2 v2.4.6/go.mod h1:mi7ZmwkJ3HJuQxj4aYXt801oGqjvMwsYy4HSD/e3Vxg=
github.com/ikawaha/kagome/v2 v2.10.2 h1:5bWo0LJqJHzjtpeLQ+XO5IMdyLOMr52de28czE+s1r0=
github.com/ikawaha/kagome/v2 v2.10.2/go.mod h1:vUBsiTqPQiG+dqSHmvRz3rWb3sCwnS6WO3HNXSPclL4=
github.com/patrickmn/go-cache v2.1.0+incompatible h1:HRMgzkcYKYpi3C8ajMPV8OFXaaRUnok+kx1WdO15EQc=
github.com/patrickmn/go-cache v2.1.0+incompatible/go.mod h1:3Qf8kWWT7OJRJbdiICTKqZju1ZixQ/KpMGzzAfe6+WQ=
github.com/shokujinjp/markov-menu v0.0.0-20210605215402-6991ab6b302b h1:K/Rc9tWWzIc6ykfvILuFCz5pJifC051IO+tzA+JF8o4=
github.com/shokujinjp/markov-menu v0.0.0-20210605215402-6991ab6b302b/go.mod h1:7GMfLH/b1+qThsQeNrDxIDOnwJWwH1WbyISZOQyumlc=
github.com/shokujinjp/shokujinjp-sdk-go v0.0.0-20210501161135-d2dc9d8edf2f/go.mod h1:8Zx4aYn2SVAY4GKYJEkKNSZUMYOnng8nYTo+4CIdODw=
github.com/shokujinjp/shokujinjp-sdk-go v1.0.0 h1:ZBd1REXcRqRY+1yQMbAwZgF0k7ukDPsTn/V3zmuslCM=
github.com/shokujinjp/shokujinjp-sdk-go v1.0.0/go.mod h1:wqQ6vwpbqQrlP1T0f4EMPN5v4BUfWZ/L+oj11XT5QrM=
golang.org/x/text v0.3.6/go.mod h1:5Zoc/QRtKVWzQhOtBMvqHzDpF6irO9z98xDceosuGiQ=
golang.org/x/tools v0.0.0-20180917221912-90fa682c2a6e/go.mod h1:n7NCudcB/nEzxVGmLbDWY5pfWTLqBcC2KZ6jyYvM4mQ=
